
Microsoft Visual Studio Solution File, Format Version 12.00
# Visual Studio Version 17
VisualStudioVersion = 17.2.32616.157
MinimumVisualStudioVersion = 10.0.40219.1
Project("{FAE04EC0-301F-11D3-BF4B-00C04F79EFBC}") = "AppWeb_UsersCreate", "AppWeb_UsersCreate\AppWeb_UsersCreate.csproj", "{A284F8EB-5B40-4B14-AB00-0CB009EB241E}"
EndProject
Global
	GlobalSection(SolutionConfigurationPlatforms) = preSolution
		Debug|Any CPU = Debug|Any CPU
		Release|Any CPU = Release|Any CPU
	EndGlobalSection
	GlobalSection(ProjectConfigurationPlatforms) = postSolution
		{A284F8EB-5B40-4B14-AB00-0CB009EB241E}.Debug|Any CPU.ActiveCfg = Debug|Any CPU
		{A284F8EB-5B40-4B14-AB00-0CB009EB241E}.Debug|Any CPU.Build.0 = Debug|Any CPU
		{A284F8EB-5B40-4B14-AB00-0CB009EB241E}.Release|Any CPU.ActiveCfg = Release|Any CPU
		{A284F8EB-5B40-4B14-AB00-0CB009EB241E}.Release|Any CPU.Build.0 = Release|Any CPU
	EndGlobalSection
	GlobalSection(SolutionProperties) = preSolution
		HideSolutionNode = FALSE
	EndGlobalSection
	GlobalSection(ExtensibilityGlobals) = postSolution
		SolutionGuid = {0EE4576B-6861-4EC7-A139-3C94E0CFE21C}
	EndGlobalSection
EndGlobal
